
Microsoft Visual Studio Solution File, Format Version 11.00
# Visual Studio 2010
# SharpDevelop 5.1
Project("{FAE04EC0-301F-11D3-BF4B-00C04F79EFBC}") = "xmlreader", "xmlreader\xmlreader.csproj", "{0ECE9ADF-7781-4A03-B92F-30EF533B0C41}"
EndProject
Global
	GlobalSection(SolutionConfigurationPlatforms) = preSolution
		Debug|Any CPU = Debug|Any CPU
		Release|Any CPU = Release|Any CPU
	EndGlobalSection
	GlobalSection(ProjectConfigurationPlatforms) = postSolution
		{0ECE9ADF-7781-4A03-B92F-30EF533B0C41}.Debug|Any CPU.ActiveCfg = Debug|Any CPU
		{0ECE9ADF-7781-4A03-B92F-30EF533B0C41}.Debug|Any CPU.Build.0 = Debug|Any CPU
		{0ECE9ADF-7781-4A03-B92F-30EF533B0C41}.Release|Any CPU.ActiveCfg = Release|Any CPU
		{0ECE9ADF-7781-4A03-B92F-30EF533B0C41}.Release|Any CPU.Build.0 = Release|Any CPU
	EndGlobalSection
EndGlobal
